// !$*UTF8*$!
{
	archiveVersion = 1;
	classes = {
	};
	objectVersion = 77;
	objects = {

/* Begin PBXBuildFile section */
		9FEB8EC52F92AA7A0099889D /* AppDelegate.swift in Sources */ = {isa = PBXBuildFile; fileRef = 9FEB8EC42F92AA7A0099889D /* AppDelegate.swift */; };
		9FEB8EC92F92AA7A0099889D /* Main.html in Resources */ = {isa = PBXBuildFile; fileRef = 9FEB8EC72F92AA7A0099889D /* Main.html */; };
		9FEB8ECB2F92AA7A0099889D /* Icon.png in Resources */ = {isa = PBXBuildFile; fileRef = 9FEB8ECA2F92AA7A0099889D /* Icon.png */; };
		9FEB8ECD2F92AA7A0099889D /* Style.css in Resources */ = {isa = PBXBuildFile; fileRef = 9FEB8ECC2F92AA7A0099889D /* Style.css */; };
		9FEB8ECF2F92AA7A0099889D /* Script.js in Resources */ = {isa = PBXBuildFile; fileRef = 9FEB8ECE2F92AA7A0099889D /* Script.js */; };
		9FEB8ED12F92AA7A0099889D /* ViewController.swift in Sources */ = {isa = PBXBuildFile; fileRef = 9FEB8ED02F92AA7A0099889D /* ViewController.swift */; };
		9FEB8ED42F92AA7A0099889D /* Main.storyboard in Resources */ = {isa = PBXBuildFile; fileRef = 9FEB8ED22F92AA7A0099889D /* Main.storyboard */; };
		9FEB8ED62F92AA7C0099889D /* Assets.xcassets in Resources */ = {isa = PBXBuildFile; fileRef = 9FEB8ED52F92AA7C0099889D /* Assets.xcassets */; };
		9FEB8EDD2F92AA7C0099889D /* web2.5 Extension.appex in Embed Foundation Extensions */ = {isa = PBXBuildFile; fileRef = 9FEB8EDC2F92AA7C0099889D /* web2.5 Extension.appex */; settings = {ATTRIBUTES = (RemoveHeadersOnCopy, ); }; };
		9FEB8EE22F92AA7C0099889D /* SafariWebExtensionHandler.swift in Sources */ = {isa = PBXBuildFile; fileRef = 9FEB8EE12F92AA7C0099889D /* SafariWebExtensionHandler.swift */; };
		9FEB8EF32F92AA7E0099889D /* popup.js in Resources */ = {isa = PBXBuildFile; fileRef = 9FEB8EEE2F92AA7E0099889D /* popup.js */; };
		9FEB8EF42F92AA7E0099889D /* popup.html in Resources */ = {isa = PBXBuildFile; fileRef = 9FEB8EEF2F92AA7E0099889D /* popup.html */; };
		9FEB8EF52F92AA7E0099889D /* content in Resources */ = {isa = PBXBuildFile; fileRef = 9FEB8EF02F92AA7E0099889D /* content */; };
		9FEB8EF62F92AA7E0099889D /* manifest.json in Resources */ = {isa = PBXBuildFile; fileRef = 9FEB8EF12F92AA7E0099889D /* manifest.json */; };
		9FEB8EF72F92AA7E0099889D /* popup.css in Resources */ = {isa = PBXBuildFile; fileRef = 9FEB8EF22F92AA7E0099889D /* popup.css */; };
		9FEB8EF92F92AA7E0099889D /* background.js in Resources */ = {isa = PBXBuildFile; fileRef = 9FEB8EF82F92AA7E0099889D /* background.js */; };
/* End PBXBuildFile section */

/* Begin PBXContainerItemProxy section */
		9FEB8EDE2F92AA7C0099889D /* PBXContainerItemProxy */ = {
			isa = PBXContainerItemProxy;
			containerPortal = 9FEB8EB92F92AA7A0099889D /* Project object */;
			proxyType = 1;
			remoteGlobalIDString = 9FEB8EDB2F92AA7C0099889D;
			remoteInfo = "web2.5 Extension";
		};
/* End PBXContainerItemProxy section */

/* Begin PBXCopyFilesBuildPhase section */
		9FEB8EE92F92AA7C0099889D /* Embed Foundation Extensions */ = {
			isa = PBXCopyFilesBuildPhase;
			buildActionMask = 2147483647;
			dstPath = "";
			dstSubfolderSpec = 13;
			files = (
				9FEB8EDD2F92AA7C0099889D /* web2.5 Extension.appex in Embed Foundation Extensions */,
			);
			name = "Embed Foundation Extensions";
			runOnlyForDeploymentPostprocessing = 0;
		};
/* End PBXCopyFilesBuildPhase section */

/* Begin PBXFileReference section */
		9FEB8EC12F92AA7A0099889D /* web2.5.app */ = {isa = PBXFileReference; explicitFileType = wrapper.application; includeInIndex = 0; path = "web2.5.app"; sourceTree = BUILT_PRODUCTS_DIR; };
		9FEB8EC42F92AA7A0099889D /* AppDelegate.swift */ = {isa = PBXFileReference; lastKnownFileType = sourcecode.swift; path = AppDelegate.swift; sourceTree = "<group>"; };
		9FEB8EC82F92AA7A0099889D /* Base */ = {isa = PBXFileReference; lastKnownFileType = text.html; name = Base; path = Base.lproj/Main.html; sourceTree = "<group>"; };
		9FEB8ECA2F92AA7A0099889D /* Icon.png */ = {isa = PBXFileReference; lastKnownFileType = image.png; path = Icon.png; sourceTree = "<group>"; };
		9FEB8ECC2F92AA7A0099889D /* Style.css */ = {isa = PBXFileReference; lastKnownFileType = text.css; path = Style.css; sourceTree = "<group>"; };
		9FEB8ECE2F92AA7A0099889D /* Script.js */ = {isa = PBXFileReference; lastKnownFileType = sourcecode.javascript; path = Script.js; sourceTree = "<group>"; };
		9FEB8ED02F92AA7A0099889D /* ViewController.swift */ = {isa = PBXFileReference; lastKnownFileType = sourcecode.swift; path = ViewController.swift; sourceTree = "<group>"; };
		9FEB8ED32F92AA7A0099889D /* Base */ = {isa = PBXFileReference; lastKnownFileType = file.storyboard; name = Base; path = Base.lproj/Main.storyboard; sourceTree = "<group>"; };
		9FEB8ED52F92AA7C0099889D /* Assets.xcassets */ = {isa = PBXFileReference; lastKnownFileType = folder.assetcatalog; path = Assets.xcassets; sourceTree = "<group>"; };
		9FEB8ED72F92AA7C0099889D /* Info.plist */ = {isa = PBXFileReference; lastKnownFileType = text.plist.xml; path = Info.plist; sourceTree = "<group>"; };
		9FEB8EDC2F92AA7C0099889D /* web2.5 Extension.appex */ = {isa = PBXFileReference; explicitFileType = "wrapper.app-extension"; includeInIndex = 0; path = "web2.5 Extension.appex"; sourceTree = BUILT_PRODUCTS_DIR; };
		9FEB8EE12F92AA7C0099889D /* SafariWebExtensionHandler.swift */ = {isa = PBXFileReference; lastKnownFileType = sourcecode.swift; path = SafariWebExtensionHandler.swift; sourceTree = "<group>"; };
		9FEB8EE32F92AA7C0099889D /* Info.plist */ = {isa = PBXFileReference; lastKnownFileType = text.plist.xml; path = Info.plist; sourceTree = "<group>"; };
		9FEB8EEE2F92AA7E0099889D /* popup.js */ = {isa = PBXFileReference; lastKnownFileType = sourcecode.javascript; name = popup.js; path = ../../extension/popup.js; sourceTree = "<group>"; };
		9FEB8EEF2F92AA7E0099889D /* popup.html */ = {isa = PBXFileReference; lastKnownFileType = text.html; name = popup.html; path = ../../extension/popup.html; sourceTree = "<group>"; };
		9FEB8EF02F92AA7E0099889D /* content */ = {isa = PBXFileReference; lastKnownFileType = folder; name = content; path = ../../extension/content; sourceTree = "<group>"; };
		9FEB8EF12F92AA7E0099889D /* manifest.json */ = {isa = PBXFileReference; lastKnownFileType = text.json; name = manifest.json; path = ../../extension/manifest.json; sourceTree = "<group>"; };
		9FEB8EF22F92AA7E0099889D /* popup.css */ = {isa = PBXFileReference; lastKnownFileType = text.css; name = popup.css; path = ../../extension/popup.css; sourceTree = "<group>"; };
		9FEB8EF82F92AA7E0099889D /* background.js */ = {isa = PBXFileReference; lastKnownFileType = sourcecode.javascript; name = background.js; path = ../../extension/background.js; sourceTree = "<group>"; };
/* End PBXFileReference section */

/* Begin PBXFrameworksBuildPhase section */
		9FEB8EBE2F92AA7A0099889D /* Frameworks */ = {
			isa = PBXFrameworksBuildPhase;
			buildActionMask = 2147483647;
			files = (
			);
			runOnlyForDeploymentPostprocessing = 0;
		};
		9FEB8ED92F92AA7C0099889D /* Frameworks */ = {
			isa = PBXFrameworksBuildPhase;
			buildActionMask = 2147483647;
			files = (
			);
			runOnlyForDeploymentPostprocessing = 0;
		};
/* End PBXFrameworksBuildPhase section */

/* Begin PBXGroup section */
		9FEB8EB82F92AA7A0099889D = {
			isa = PBXGroup;
			children = (
				9FEB8EC32F92AA7A0099889D /* web2.5 */,
				9FEB8EE02F92AA7C0099889D /* web2.5 Extension */,
				9FEB8EC22F92AA7A0099889D /* Products */,
			);
			sourceTree = "<group>";
		};
		9FEB8EC22F92AA7A0099889D /* Products */ = {
			isa = PBXGroup;
			children = (
				9FEB8EC12F92AA7A0099889D /* web2.5.app */,
				9FEB8EDC2F92AA7C0099889D /* web2.5 Extension.appex */,
			);
			name = Products;
			sourceTree = "<group>";
		};
		9FEB8EC32F92AA7A0099889D /* web2.5 */ = {
			isa = PBXGroup;
			children = (
				9FEB8EC42F92AA7A0099889D /* AppDelegate.swift */,
				9FEB8ED02F92AA7A0099889D /* ViewController.swift */,
				9FEB8ED22F92AA7A0099889D /* Main.storyboard */,
				9FEB8ED52F92AA7C0099889D /* Assets.xcassets */,
				9FEB8ED72F92AA7C0099889D /* Info.plist */,
				9FEB8EC62F92AA7A0099889D /* Resources */,
			);
			path = "web2.5";
			sourceTree = "<group>";
		};
		9FEB8EC62F92AA7A0099889D /* Resources */ = {
			isa = PBXGroup;
			children = (
				9FEB8EC72F92AA7A0099889D /* Main.html */,
				9FEB8ECA2F92AA7A0099889D /* Icon.png */,
				9FEB8ECC2F92AA7A0099889D /* Style.css */,
				9FEB8ECE2F92AA7A0099889D /* Script.js */,
			);
			path = Resources;
			sourceTree = "<group>";
		};
		9FEB8EE02F92AA7C0099889D /* web2.5 Extension */ = {
			isa = PBXGroup;
			children = (
				9FEB8EED2F92AA7E0099889D /* Resources */,
				9FEB8EE12F92AA7C0099889D /* SafariWebExtensionHandler.swift */,
				9FEB8EE32F92AA7C0099889D /* Info.plist */,
			);
			path = "web2.5 Extension";
			sourceTree = "<group>";
		};
		9FEB8EED2F92AA7E0099889D /* Resources */ = {
			isa = PBXGroup;
			children = (
				9FEB8EEE2F92AA7E0099889D /* popup.js */,
				9FEB8EEF2F92AA7E0099889D /* popup.html */,
				9FEB8EF02F92AA7E0099889D /* content */,
				9FEB8EF12F92AA7E0099889D /* manifest.json */,
				9FEB8EF22F92AA7E0099889D /* popup.css */,
				9FEB8EF82F92AA7E0099889D /* background.js */,
			);
			name = Resources;
			path = "web2.5 Extension";
			sourceTree = SOURCE_ROOT;
		};
/* End PBXGroup section */

/* Begin PBXNativeTarget section */
		9FEB8EC02F92AA7A0099889D /* web2.5 */ = {
			isa = PBXNativeTarget;
			buildConfigurationList = 9FEB8EEA2F92AA7C0099889D /* Build configuration list for PBXNativeTarget "web2.5" */;
			buildPhases = (
				9FEB8EBD2F92AA7A0099889D /* Sources */,
				9FEB8EBE2F92AA7A0099889D /* Frameworks */,
				9FEB8EBF2F92AA7A0099889D /* Resources */,
				9FEB8EE92F92AA7C0099889D /* Embed Foundation Extensions */,
			);
			buildRules = (
			);
			dependencies = (
				9FEB8EDF2F92AA7C0099889D /* PBXTargetDependency */,
			);
			name = "web2.5";
			packageProductDependencies = (
			);
			productName = "web2.5";
			productReference = 9FEB8EC12F92AA7A0099889D /* web2.5.app */;
			productType = "com.apple.product-type.application";
		};
		9FEB8EDB2F92AA7C0099889D /* web2.5 Extension */ = {
			isa = PBXNativeTarget;
			buildConfigurationList = 9FEB8EE62F92AA7C0099889D /* Build configuration list for PBXNativeTarget "web2.5 Extension" */;
			buildPhases = (
				9FEB8ED82F92AA7C0099889D /* Sources */,
				9FEB8ED92F92AA7C0099889D /* Frameworks */,
				9FEB8EDA2F92AA7C0099889D /* Resources */,
			);
			buildRules = (
			);
			dependencies = (
			);
			name = "web2.5 Extension";
			packageProductDependencies = (
			);
			productName = "web2.5 Extension";
			productReference = 9FEB8EDC2F92AA7C0099889D /* web2.5 Extension.appex */;
			productType = "com.apple.product-type.app-extension";
		};
/* End PBXNativeTarget section */

/* Begin PBXProject section */
		9FEB8EB92F92AA7A0099889D /* Project object */ = {
			isa = PBXProject;
			attributes = {
				BuildIndependentTargetsInParallel = 1;
				LastSwiftUpdateCheck = 2640;
				LastUpgradeCheck = 2640;
				TargetAttributes = {
					9FEB8EC02F92AA7A0099889D = {
						CreatedOnToolsVersion = 26.4.1;
					};
					9FEB8EDB2F92AA7C0099889D = {
						CreatedOnToolsVersion = 26.4.1;
					};
				};
			};
			buildConfigurationList = 9FEB8EBC2F92AA7A0099889D /* Build configuration list for PBXProject "web2.5" */;
			developmentRegion = en;
			hasScannedForEncodings = 0;
			knownRegions = (
				en,
				Base,
			);
			mainGroup = 9FEB8EB82F92AA7A0099889D;
			minimizedProjectReferenceProxies = 1;
			preferredProjectObjectVersion = 77;
			productRefGroup = 9FEB8EC22F92AA7A0099889D /* Products */;
			projectDirPath = "";
			projectRoot = "";
			targets = (
				9FEB8EC02F92AA7A0099889D /* web2.5 */,
				9FEB8EDB2F92AA7C0099889D /* web2.5 Extension */,
			);
		};
/* End PBXProject section */

/* Begin PBXResourcesBuildPhase section */
		9FEB8EBF2F92AA7A0099889D /* Resources */ = {
			isa = PBXResourcesBuildPhase;
			buildActionMask = 2147483647;
			files = (
				9FEB8ECB2F92AA7A0099889D /* Icon.png in Resources */,
				9FEB8ED42F92AA7A0099889D /* Main.storyboard in Resources */,
				9FEB8ECF2F92AA7A0099889D /* Script.js in Resources */,
				9FEB8EC92F92AA7A0099889D /* Main.html in Resources */,
				9FEB8ED62F92AA7C0099889D /* Assets.xcassets in Resources */,
				9FEB8ECD2F92AA7A0099889D /* Style.css in Resources */,
			);
			runOnlyForDeploymentPostprocessing = 0;
		};
		9FEB8EDA2F92AA7C0099889D /* Resources */ = {
			isa = PBXResourcesBuildPhase;
			buildActionMask = 2147483647;
			files = (
				9FEB8EF92F92AA7E0099889D /* background.js in Resources */,
				9FEB8EF72F92AA7E0099889D /* popup.css in Resources */,
				9FEB8EF62F92AA7E0099889D /* manifest.json in Resources */,
				9FEB8EF52F92AA7E0099889D /* content in Resources */,
				9FEB8EF32F92AA7E0099889D /* popup.js in Resources */,
				9FEB8EF42F92AA7E0099889D /* popup.html in Resources */,
			);
			runOnlyForDeploymentPostprocessing = 0;
		};
/* End PBXResourcesBuildPhase section */

/* Begin PBXSourcesBuildPhase section */
		9FEB8EBD2F92AA7A0099889D /* Sources */ = {
			isa = PBXSourcesBuildPhase;
			buildActionMask = 2147483647;
			files = (
				9FEB8ED12F92AA7A0099889D /* ViewController.swift in Sources */,
				9FEB8EC52F92AA7A0099889D /* AppDelegate.swift in Sources */,
			);
			runOnlyForDeploymentPostprocessing = 0;
		};
		9FEB8ED82F92AA7C0099889D /* Sources */ = {
			isa = PBXSourcesBuildPhase;
			buildActionMask = 2147483647;
			files = (
				9FEB8EE22F92AA7C0099889D /* SafariWebExtensionHandler.swift in Sources */,
			);
			runOnlyForDeploymentPostprocessing = 0;
		};
/* End PBXSourcesBuildPhase section */

/* Begin PBXTargetDependency section */
		9FEB8EDF2F92AA7C0099889D /* PBXTargetDependency */ = {
			isa = PBXTargetDependency;
			target = 9FEB8EDB2F92AA7C0099889D /* web2.5 Extension */;
			targetProxy = 9FEB8EDE2F92AA7C0099889D /* PBXContainerItemProxy */;
		};
/* End PBXTargetDependency section */

/* Begin PBXVariantGroup section */
		9FEB8EC72F92AA7A0099889D /* Main.html */ = {
			isa = PBXVariantGroup;
			children = (
				9FEB8EC82F92AA7A0099889D /* Base */,
			);
			name = Main.html;
			sourceTree = "<group>";
		};
		9FEB8ED22F92AA7A0099889D /* Main.storyboard */ = {
			isa = PBXVariantGroup;
			children = (
				9FEB8ED32F92AA7A0099889D /* Base */,
			);
			name = Main.storyboard;
			sourceTree = "<group>";
		};
/* End PBXVariantGroup section */

/* Begin XCBuildConfiguration section */
		9FEB8EE42F92AA7C0099889D /* Debug */ = {
			isa = XCBuildConfiguration;
			buildSettings = {
				ALWAYS_SEARCH_USER_PATHS = NO;
				ASSETCATALOG_COMPILER_GENERATE_SWIFT_ASSET_SYMBOL_EXTENSIONS = YES;
				CLANG_ANALYZER_NONNULL = YES;
				CLANG_ANALYZER_NUMBER_OBJECT_CONVERSION = YES_AGGRESSIVE;
				CLANG_CXX_LANGUAGE_STANDARD = "gnu++20";
				CLANG_ENABLE_MODULES = YES;
				CLANG_ENABLE_OBJC_ARC = YES;
				CLANG_ENABLE_OBJC_WEAK = YES;
				CLANG_WARN_BLOCK_CAPTURE_AUTORELEASING = YES;
				CLANG_WARN_BOOL_CONVERSION = YES;
				CLANG_WARN_COMMA = YES;
				CLANG_WARN_CONSTANT_CONVERSION = YES;
				CLANG_WARN_DEPRECATED_OBJC_IMPLEMENTATIONS = YES;
				CLANG_WARN_DIRECT_OBJC_ISA_USAGE = YES_ERROR;
				CLANG_WARN_DOCUMENTATION_COMMENTS = YES;
				CLANG_WARN_EMPTY_BODY = YES;
				CLANG_WARN_ENUM_CONVERSION = YES;
				CLANG_WARN_INFINITE_RECURSION = YES;
				CLANG_WARN_INT_CONVERSION = YES;
				CLANG_WARN_NON_LITERAL_NULL_CONVERSION = YES;
				CLANG_WARN_OBJC_IMPLICIT_RETAIN_SELF = YES;
				CLANG_WARN_OBJC_LITERAL_CONVERSION = YES;
				CLANG_WARN_OBJC_ROOT_CLASS = YES_ERROR;
				CLANG_WARN_QUOTED_INCLUDE_IN_FRAMEWORK_HEADER = YES;
				CLANG_WARN_RANGE_LOOP_ANALYSIS = YES;
				CLANG_WARN_STRICT_PROTOTYPES = YES;
				CLANG_WARN_SUSPICIOUS_MOVE = YES;
				CLANG_WARN_UNGUARDED_AVAILABILITY = YES_AGGRESSIVE;
				CLANG_WARN_UNREACHABLE_CODE = YES;
				CLANG_WARN__DUPLICATE_METHOD_MATCH = YES;
				COPY_PHASE_STRIP = NO;
				DEBUG_INFORMATION_FORMAT = dwarf;
				ENABLE_STRICT_OBJC_MSGSEND = YES;
				ENABLE_TESTABILITY = YES;
				ENABLE_USER_SCRIPT_SANDBOXING = YES;
				GCC_C_LANGUAGE_STANDARD = gnu17;
				GCC_DYNAMIC_NO_PIC = NO;
				GCC_NO_COMMON_BLOCKS = YES;
				GCC_OPTIMIZATION_LEVEL = 0;
				GCC_PREPROCESSOR_DEFINITIONS = (
					"DEBUG=1",
					"$(inherited)",
				);
				GCC_WARN_64_TO_32_BIT_CONVERSION = YES;
				GCC_WARN_ABOUT_RETURN_TYPE = YES_ERROR;
				GCC_WARN_UNDECLARED_SELECTOR = YES;
				GCC_WARN_UNINITIALIZED_AUTOS = YES_AGGRESSIVE;
				GCC_WARN_UNUSED_FUNCTION = YES;
				GCC_WARN_UNUSED_VARIABLE = YES;
				LOCALIZATION_PREFERS_STRING_CATALOGS = YES;
				MACOSX_DEPLOYMENT_TARGET = 26.3;
				MTL_ENABLE_DEBUG_INFO = INCLUDE_SOURCE;
				MTL_FAST_MATH = YES;
				ONLY_ACTIVE_ARCH = YES;
				SDKROOT = macosx;
				SWIFT_ACTIVE_COMPILATION_CONDITIONS = "DEBUG $(inherited)";
				SWIFT_OPTIMIZATION_LEVEL = "-Onone";
			};
			name = Debug;
		};
		9FEB8EE52F92AA7C0099889D /* Release */ = {
			isa = XCBuildConfiguration;
			buildSettings = {
				ALWAYS_SEARCH_USER_PATHS = NO;
				ASSETCATALOG_COMPILER_GENERATE_SWIFT_ASSET_SYMBOL_EXTENSIONS = YES;
				CLANG_ANALYZER_NONNULL = YES;
				CLANG_ANALYZER_NUMBER_OBJECT_CONVERSION = YES_AGGRESSIVE;
				CLANG_CXX_LANGUAGE_STANDARD = "gnu++20";
				CLANG_ENABLE_MODULES = YES;
				CLANG_ENABLE_OBJC_ARC = YES;
				CLANG_ENABLE_OBJC_WEAK = YES;
				CLANG_WARN_BLOCK_CAPTURE_AUTORELEASING = YES;
				CLANG_WARN_BOOL_CONVERSION = YES;
				CLANG_WARN_COMMA = YES;
				CLANG_WARN_CONSTANT_CONVERSION = YES;
				CLANG_WARN_DEPRECATED_OBJC_IMPLEMENTATIONS = YES;
				CLANG_WARN_DIRECT_OBJC_ISA_USAGE = YES_ERROR;
				CLANG_WARN_DOCUMENTATION_COMMENTS = YES;
				CLANG_WARN_EMPTY_BODY = YES;
				CLANG_WARN_ENUM_CONVERSION = YES;
				CLANG_WARN_INFINITE_RECURSION = YES;
				CLANG_WARN_INT_CONVERSION = YES;
				CLANG_WARN_NON_LITERAL_NULL_CONVERSION = YES;
				CLANG_WARN_OBJC_IMPLICIT_RETAIN_SELF = YES;
				CLANG_WARN_OBJC_LITERAL_CONVERSION = YES;
				CLANG_WARN_OBJC_ROOT_CLASS = YES_ERROR;
				CLANG_WARN_QUOTED_INCLUDE_IN_FRAMEWORK_HEADER = YES;
				CLANG_WARN_RANGE_LOOP_ANALYSIS = YES;
				CLANG_WARN_STRICT_PROTOTYPES = YES;
				CLANG_WARN_SUSPICIOUS_MOVE = YES;
				CLANG_WARN_UNGUARDED_AVAILABILITY = YES_AGGRESSIVE;
				CLANG_WARN_UNREACHABLE_CODE = YES;
				CLANG_WARN__DUPLICATE_METHOD_MATCH = YES;
				COPY_PHASE_STRIP = NO;
				DEBUG_INFORMATION_FORMAT = "dwarf-with-dsym";
				ENABLE_NS_ASSERTIONS = NO;
				ENABLE_STRICT_OBJC_MSGSEND = YES;
				ENABLE_USER_SCRIPT_SANDBOXING = YES;
				GCC_C_LANGUAGE_STANDARD = gnu17;
				GCC_NO_COMMON_BLOCKS = YES;
				GCC_WARN_64_TO_32_BIT_CONVERSION = YES;
				GCC_WARN_ABOUT_RETURN_TYPE = YES_ERROR;
				GCC_WARN_UNDECLARED_SELECTOR = YES;
				GCC_WARN_UNINITIALIZED_AUTOS = YES_AGGRESSIVE;
				GCC_WARN_UNUSED_FUNCTION = YES;
				GCC_WARN_UNUSED_VARIABLE = YES;
				LOCALIZATION_PREFERS_STRING_CATALOGS = YES;
				MACOSX_DEPLOYMENT_TARGET = 26.3;
				MTL_ENABLE_DEBUG_INFO = NO;
				MTL_FAST_MATH = YES;
				SDKROOT = macosx;
				SWIFT_COMPILATION_MODE = wholemodule;
			};
			name = Release;
		};
		9FEB8EE72F92AA7C0099889D /* Debug */ = {
			isa = XCBuildConfiguration;
			buildSettings = {
				CODE_SIGN_STYLE = Automatic;
				CURRENT_PROJECT_VERSION = 41;
				DEVELOPMENT_TEAM = SBSBDYTJQZ;
				ENABLE_APP_SANDBOX = YES;
				ENABLE_DEBUG_DYLIB = NO;
				ENABLE_HARDENED_RUNTIME = YES;
				ENABLE_USER_SELECTED_FILES = readonly;
				GENERATE_INFOPLIST_FILE = YES;
				INFOPLIST_FILE = "web2.5 Extension/Info.plist";
				INFOPLIST_KEY_CFBundleDisplayName = "Colorful Toilet Extension";
				INFOPLIST_KEY_NSHumanReadableCopyright = "";
				LD_RUNPATH_SEARCH_PATHS = (
					"$(inherited)",
					"@executable_path/../Frameworks",
					"@executable_path/../../../../Frameworks",
				);
				MACOSX_DEPLOYMENT_TARGET = 10.14;
				MARKETING_VERSION = 1.0.40;
				OTHER_LDFLAGS = (
					"-framework",
					SafariServices,
				);
				PRODUCT_BUNDLE_IDENTIFIER = "com.yourCompany.web25.extension";
				PRODUCT_NAME = "$(TARGET_NAME)";
				SKIP_INSTALL = YES;
				STRING_CATALOG_GENERATE_SYMBOLS = YES;
				SWIFT_APPROACHABLE_CONCURRENCY = YES;
				SWIFT_EMIT_LOC_STRINGS = YES;
				SWIFT_UPCOMING_FEATURE_MEMBER_IMPORT_VISIBILITY = YES;
				SWIFT_VERSION = 5.0;
			};
			name = Debug;
		};
		9FEB8EE82F92AA7C0099889D /* Release */ = {
			isa = XCBuildConfiguration;
			buildSettings = {
				CODE_SIGN_STYLE = Automatic;
				CURRENT_PROJECT_VERSION = 41;
				DEVELOPMENT_TEAM = SBSBDYTJQZ;
				ENABLE_APP_SANDBOX = YES;
				ENABLE_DEBUG_DYLIB = NO;
				ENABLE_HARDENED_RUNTIME = YES;
				ENABLE_USER_SELECTED_FILES = readonly;
				GENERATE_INFOPLIST_FILE = YES;
				INFOPLIST_FILE = "web2.5 Extension/Info.plist";
				INFOPLIST_KEY_CFBundleDisplayName = "Colorful Toilet Extension";
				INFOPLIST_KEY_NSHumanReadableCopyright = "";
				LD_RUNPATH_SEARCH_PATHS = (
					"$(inherited)",
					"@executable_path/../Frameworks",
					"@executable_path/../../../../Frameworks",
				);
				MACOSX_DEPLOYMENT_TARGET = 10.14;
				MARKETING_VERSION = 1.0.40;
				OTHER_LDFLAGS = (
					"-framework",
					SafariServices,
				);
				PRODUCT_BUNDLE_IDENTIFIER = "com.yourCompany.web25.extension";
				PRODUCT_NAME = "$(TARGET_NAME)";
				SKIP_INSTALL = YES;
				STRING_CATALOG_GENERATE_SYMBOLS = YES;
				SWIFT_APPROACHABLE_CONCURRENCY = YES;
				SWIFT_EMIT_LOC_STRINGS = YES;
				SWIFT_UPCOMING_FEATURE_MEMBER_IMPORT_VISIBILITY = YES;
				SWIFT_VERSION = 5.0;
			};
			name = Release;
		};
		9FEB8EEB2F92AA7C0099889D /* Debug */ = {
			isa = XCBuildConfiguration;
			buildSettings = {
				ASSETCATALOG_COMPILER_APPICON_NAME = AppIcon;
				ASSETCATALOG_COMPILER_GLOBAL_ACCENT_COLOR_NAME = AccentColor;
				CODE_SIGN_STYLE = Automatic;
				COMBINE_HIDPI_IMAGES = YES;
				CURRENT_PROJECT_VERSION = 41;
				DEVELOPMENT_TEAM = SBSBDYTJQZ;
				ENABLE_APP_SANDBOX = YES;
				ENABLE_DEBUG_DYLIB = NO;
				ENABLE_HARDENED_RUNTIME = YES;
				ENABLE_OUTGOING_NETWORK_CONNECTIONS = YES;
				ENABLE_USER_SELECTED_FILES = readonly;
				GENERATE_INFOPLIST_FILE = YES;
				INFOPLIST_FILE = "web2.5/Info.plist";
				INFOPLIST_KEY_CFBundleDisplayName = "Colorful Toilet";
				INFOPLIST_KEY_NSHumanReadableCopyright = "";
				INFOPLIST_KEY_LSUIElement = YES;
				INFOPLIST_KEY_NSPrincipalClass = NSApplication;
				LD_RUNPATH_SEARCH_PATHS = (
					"$(inherited)",
					"@executable_path/../Frameworks",
				);
				MARKETING_VERSION = 1.0.40;
				OTHER_LDFLAGS = (
					"-framework",
					SafariServices,
					"-framework",
					WebKit,
				);
				PRODUCT_BUNDLE_IDENTIFIER = "com.yourCompany.web25";
				PRODUCT_NAME = "$(TARGET_NAME)";
				REGISTER_APP_GROUPS = YES;
				STRING_CATALOG_GENERATE_SYMBOLS = YES;
				SWIFT_APPROACHABLE_CONCURRENCY = YES;
				SWIFT_DEFAULT_ACTOR_ISOLATION = MainActor;
				SWIFT_EMIT_LOC_STRINGS = YES;
				SWIFT_UPCOMING_FEATURE_MEMBER_IMPORT_VISIBILITY = YES;
				SWIFT_VERSION = 5.0;
			};
			name = Debug;
		};
		9FEB8EEC2F92AA7C0099889D /* Release */ = {
			isa = XCBuildConfiguration;
			buildSettings = {
				ASSETCATALOG_COMPILER_APPICON_NAME = AppIcon;
				ASSETCATALOG_COMPILER_GLOBAL_ACCENT_COLOR_NAME = AccentColor;
				CODE_SIGN_STYLE = Automatic;
				COMBINE_HIDPI_IMAGES = YES;
				CURRENT_PROJECT_VERSION = 41;
				DEVELOPMENT_TEAM = SBSBDYTJQZ;
				ENABLE_APP_SANDBOX = YES;
				ENABLE_HARDENED_RUNTIME = YES;
				ENABLE_OUTGOING_NETWORK_CONNECTIONS = YES;
				ENABLE_USER_SELECTED_FILES = readonly;
				GENERATE_INFOPLIST_FILE = YES;
				INFOPLIST_FILE = "web2.5/Info.plist";
				INFOPLIST_KEY_CFBundleDisplayName = "Colorful Toilet";
				INFOPLIST_KEY_NSHumanReadableCopyright = "";
				INFOPLIST_KEY_LSUIElement = YES;
				INFOPLIST_KEY_NSPrincipalClass = NSApplication;
				LD_RUNPATH_SEARCH_PATHS = (
					"$(inherited)",
					"@executable_path/../Frameworks",
				);
				MARKETING_VERSION = 1.0.40;
				OTHER_LDFLAGS = (
					"-framework",
					SafariServices,
					"-framework",
					WebKit,
				);
				PRODUCT_BUNDLE_IDENTIFIER = "com.yourCompany.web25";
				PRODUCT_NAME = "$(TARGET_NAME)";
				REGISTER_APP_GROUPS = YES;
				STRING_CATALOG_GENERATE_SYMBOLS = YES;
				SWIFT_APPROACHABLE_CONCURRENCY = YES;
				SWIFT_DEFAULT_ACTOR_ISOLATION = MainActor;
				SWIFT_EMIT_LOC_STRINGS = YES;
				SWIFT_UPCOMING_FEATURE_MEMBER_IMPORT_VISIBILITY = YES;
				SWIFT_VERSION = 5.0;
			};
			name = Release;
		};
/* End XCBuildConfiguration section */

/* Begin XCConfigurationList section */
		9FEB8EBC2F92AA7A0099889D /* Build configuration list for PBXProject "web2.5" */ = {
			isa = XCConfigurationList;
			buildConfigurations = (
				9FEB8EE42F92AA7C0099889D /* Debug */,
				9FEB8EE52F92AA7C0099889D /* Release */,
			);
			defaultConfigurationIsVisible = 0;
			defaultConfigurationName = Release;
		};
		9FEB8EE62F92AA7C0099889D /* Build configuration list for PBXNativeTarget "web2.5 Extension" */ = {
			isa = XCConfigurationList;
			buildConfigurations = (
				9FEB8EE72F92AA7C0099889D /* Debug */,
				9FEB8EE82F92AA7C0099889D /* Release */,
			);
			defaultConfigurationIsVisible = 0;
			defaultConfigurationName = Release;
		};
		9FEB8EEA2F92AA7C0099889D /* Build configuration list for PBXNativeTarget "web2.5" */ = {
			isa = XCConfigurationList;
			buildConfigurations = (
				9FEB8EEB2F92AA7C0099889D /* Debug */,
				9FEB8EEC2F92AA7C0099889D /* Release */,
			);
			defaultConfigurationIsVisible = 0;
			defaultConfigurationName = Release;
		};
/* End XCConfigurationList section */
	};
	rootObject = 9FEB8EB92F92AA7A0099889D /* Project object */;
}
